{
  "name": "jade",
  "version": "0.0.1",
  "lockfileVersion": 2,
  "requires": true,
  "packages": {
    "": {
      "name": "jade",
      "version": "0.0.1",
      "dependencies": {
        "bun-types": "^0.1.2"
      }
    },
    "node_modules/bun-types": {
      "version": "0.1.2"
    }
  },
  "dependencies": {
    "bun-types": {
      "version": "0.1.2"
    }
  }
}
